
Microsoft Visual Studio Solution File, Format Version 12.00
# Visual Studio Version 16
VisualStudioVersion = 16.0.32929.386
MinimumVisualStudioVersion = 10.0.40219.1
Project("{FAE04EC0-301F-11D3-BF4B-00C04F79EFBC}") = "Interfaces", "Interfaces\Interfaces.csproj", "{1BBEAD1C-BA29-46EC-85F1-28487DEB89AF}"
EndProject
Global
	GlobalSection(SolutionConfigurationPlatforms) = preSolution
		Debug|Any CPU = Debug|Any CPU
		Release|Any CPU = Release|Any CPU
	EndGlobalSection
	GlobalSection(ProjectConfigurationPlatforms) = postSolution
		{1BBEAD1C-BA29-46EC-85F1-28487DEB89AF}.Debug|Any CPU.ActiveCfg = Debug|Any CPU
		{1BBEAD1C-BA29-46EC-85F1-28487DEB89AF}.Debug|Any CPU.Build.0 = Debug|Any CPU
		{1BBEAD1C-BA29-46EC-85F1-28487DEB89AF}.Release|Any CPU.ActiveCfg = Release|Any CPU
		{1BBEAD1C-BA29-46EC-85F1-28487DEB89AF}.Release|Any CPU.Build.0 = Release|Any CPU
	EndGlobalSection
	GlobalSection(SolutionProperties) = preSolution
		HideSolutionNode = FALSE
	EndGlobalSection
	GlobalSection(ExtensibilityGlobals) = postSolution
		SolutionGuid = {4096118D-4610-4F52-BEDD-230932DD75FF}
	EndGlobalSection
EndGlobal
