
Microsoft Visual Studio Solution File, Format Version 12.00
# Visual Studio Version 16
VisualStudioVersion = 16.0.32630.194
MinimumVisualStudioVersion = 10.0.40219.1
Project("{FAE04EC0-301F-11D3-BF4B-00C04F79EFBC}") = "ExeEnum2", "ExeEnum2\ExeEnum2.csproj", "{7743D000-44B0-463D-834A-3688E57CA0F9}"
EndProject
Global
	GlobalSection(SolutionConfigurationPlatforms) = preSolution
		Debug|Any CPU = Debug|Any CPU
		Release|Any CPU = Release|Any CPU
	EndGlobalSection
	GlobalSection(ProjectConfigurationPlatforms) = postSolution
		{7743D000-44B0-463D-834A-3688E57CA0F9}.Debug|Any CPU.ActiveCfg = Debug|Any CPU
		{7743D000-44B0-463D-834A-3688E57CA0F9}.Debug|Any CPU.Build.0 = Debug|Any CPU
		{7743D000-44B0-463D-834A-3688E57CA0F9}.Release|Any CPU.ActiveCfg = Release|Any CPU
		{7743D000-44B0-463D-834A-3688E57CA0F9}.Release|Any CPU.Build.0 = Release|Any CPU
	EndGlobalSection
	GlobalSection(SolutionProperties) = preSolution
		HideSolutionNode = FALSE
	EndGlobalSection
	GlobalSection(ExtensibilityGlobals) = postSolution
		SolutionGuid = {2A2910B9-600F-4AC9-9A9F-EE9BCBE5030C}
	EndGlobalSection
EndGlobal
